
Microsoft Visual Studio Solution File, Format Version 12.00
# Visual Studio Version 16
VisualStudioVersion = 16.0.30621.155
MinimumVisualStudioVersion = 10.0.40219.1
Project("{FAE04EC0-301F-11D3-BF4B-00C04F79EFBC}") = "sinema_bufe_satis", "sinema_bufe_satis\sinema_bufe_satis.csproj", "{F79B7987-7DAA-44F4-9FE0-EB957513A2AD}"
EndProject
Global
	GlobalSection(SolutionConfigurationPlatforms) = preSolution
		Debug|Any CPU = Debug|Any CPU
		Release|Any CPU = Release|Any CPU
	EndGlobalSection
	GlobalSection(ProjectConfigurationPlatforms) = postSolution
		{F79B7987-7DAA-44F4-9FE0-EB957513A2AD}.Debug|Any CPU.ActiveCfg = Debug|Any CPU
		{F79B7987-7DAA-44F4-9FE0-EB957513A2AD}.Debug|Any CPU.Build.0 = Debug|Any CPU
		{F79B7987-7DAA-44F4-9FE0-EB957513A2AD}.Release|Any CPU.ActiveCfg = Release|Any CPU
		{F79B7987-7DAA-44F4-9FE0-EB957513A2AD}.Release|Any CPU.Build.0 = Release|Any CPU
	EndGlobalSection
	GlobalSection(SolutionProperties) = preSolution
		HideSolutionNode = FALSE
	EndGlobalSection
	GlobalSection(ExtensibilityGlobals) = postSolution
		SolutionGuid = {555E41C8-E059-42D5-BE49-232586AB771C}
	EndGlobalSection
EndGlobal
