
Microsoft Visual Studio Solution File, Format Version 12.00
# Visual Studio Version 16
VisualStudioVersion = 16.0.30621.155
MinimumVisualStudioVersion = 10.0.40219.1
Project("{FAE04EC0-301F-11D3-BF4B-00C04F79EFBC}") = "Formlararasi_veritasima", "Formlararasi_veritasima\Formlararasi_veritasima.csproj", "{165D9FC7-6855-47BC-B466-D8655048582E}"
EndProject
Global
	GlobalSection(SolutionConfigurationPlatforms) = preSolution
		Debug|Any CPU = Debug|Any CPU
		Release|Any CPU = Release|Any CPU
	EndGlobalSection
	GlobalSection(ProjectConfigurationPlatforms) = postSolution
		{165D9FC7-6855-47BC-B466-D8655048582E}.Debug|Any CPU.ActiveCfg = Debug|Any CPU
		{165D9FC7-6855-47BC-B466-D8655048582E}.Debug|Any CPU.Build.0 = Debug|Any CPU
		{165D9FC7-6855-47BC-B466-D8655048582E}.Release|Any CPU.ActiveCfg = Release|Any CPU
		{165D9FC7-6855-47BC-B466-D8655048582E}.Release|Any CPU.Build.0 = Release|Any CPU
	EndGlobalSection
	GlobalSection(SolutionProperties) = preSolution
		HideSolutionNode = FALSE
	EndGlobalSection
	GlobalSection(ExtensibilityGlobals) = postSolution
		SolutionGuid = {4EBCA92D-0B69-447F-9138-0AD8CFE21DBE}
	EndGlobalSection
EndGlobal
