
Microsoft Visual Studio Solution File, Format Version 12.00
# Visual Studio 15
VisualStudioVersion = 15.0.28010.2048
MinimumVisualStudioVersion = 10.0.40219.1
Project("{54435603-DBB4-11D2-8724-00A0C9A8B90C}") = "SansOyunu", "SansOyunu\SansOyunu.vdproj", "{5C3927DC-04A1-4B87-AAE1-F2BA8FA44A8D}"
EndProject
Global
	GlobalSection(SolutionConfigurationPlatforms) = preSolution
		Debug|Default = Debug|Default
		Release|Default = Release|Default
	EndGlobalSection
	GlobalSection(ProjectConfigurationPlatforms) = postSolution
		{5C3927DC-04A1-4B87-AAE1-F2BA8FA44A8D}.Debug|Default.ActiveCfg = Debug
		{5C3927DC-04A1-4B87-AAE1-F2BA8FA44A8D}.Debug|Default.Build.0 = Debug
		{5C3927DC-04A1-4B87-AAE1-F2BA8FA44A8D}.Release|Default.ActiveCfg = Release
		{5C3927DC-04A1-4B87-AAE1-F2BA8FA44A8D}.Release|Default.Build.0 = Release
	EndGlobalSection
	GlobalSection(SolutionProperties) = preSolution
		HideSolutionNode = FALSE
	EndGlobalSection
	GlobalSection(ExtensibilityGlobals) = postSolution
		SolutionGuid = {4AB91AED-BC98-42C0-9C99-478929DB8297}
	EndGlobalSection
EndGlobal
