
Microsoft Visual Studio Solution File, Format Version 12.00
# Visual Studio 15
VisualStudioVersion = 15.0.28307.168
MinimumVisualStudioVersion = 10.0.40219.1
Project("{FAE04EC0-301F-11D3-BF4B-00C04F79EFBC}") = "Urun", "Urun\Urun.csproj", "{A67B1F9D-B466-42EB-84A5-87CA17567CBC}"
EndProject
Global
	GlobalSection(SolutionConfigurationPlatforms) = preSolution
		Debug|Any CPU = Debug|Any CPU
		Release|Any CPU = Release|Any CPU
	EndGlobalSection
	GlobalSection(ProjectConfigurationPlatforms) = postSolution
		{A67B1F9D-B466-42EB-84A5-87CA17567CBC}.Debug|Any CPU.ActiveCfg = Debug|Any CPU
		{A67B1F9D-B466-42EB-84A5-87CA17567CBC}.Debug|Any CPU.Build.0 = Debug|Any CPU
		{A67B1F9D-B466-42EB-84A5-87CA17567CBC}.Release|Any CPU.ActiveCfg = Release|Any CPU
		{A67B1F9D-B466-42EB-84A5-87CA17567CBC}.Release|Any CPU.Build.0 = Release|Any CPU
	EndGlobalSection
	GlobalSection(SolutionProperties) = preSolution
		HideSolutionNode = FALSE
	EndGlobalSection
	GlobalSection(ExtensibilityGlobals) = postSolution
		SolutionGuid = {FBA0C277-87F0-4D3C-A3A7-531FF4BB67B2}
	EndGlobalSection
EndGlobal
