
Microsoft Visual Studio Solution File, Format Version 12.00
# Visual Studio Version 16
VisualStudioVersion = 16.0.30621.155
MinimumVisualStudioVersion = 10.0.40219.1
Project("{FAE04EC0-301F-11D3-BF4B-00C04F79EFBC}") = "Random", "Random\Random.csproj", "{0E2BACD7-AB39-457D-8821-0C64743AAE6B}"
EndProject
Global
	GlobalSection(SolutionConfigurationPlatforms) = preSolution
		Debug|Any CPU = Debug|Any CPU
		Release|Any CPU = Release|Any CPU
	EndGlobalSection
	GlobalSection(ProjectConfigurationPlatforms) = postSolution
		{0E2BACD7-AB39-457D-8821-0C64743AAE6B}.Debug|Any CPU.ActiveCfg = Debug|Any CPU
		{0E2BACD7-AB39-457D-8821-0C64743AAE6B}.Debug|Any CPU.Build.0 = Debug|Any CPU
		{0E2BACD7-AB39-457D-8821-0C64743AAE6B}.Release|Any CPU.ActiveCfg = Release|Any CPU
		{0E2BACD7-AB39-457D-8821-0C64743AAE6B}.Release|Any CPU.Build.0 = Release|Any CPU
	EndGlobalSection
	GlobalSection(SolutionProperties) = preSolution
		HideSolutionNode = FALSE
	EndGlobalSection
	GlobalSection(ExtensibilityGlobals) = postSolution
		SolutionGuid = {B307C3AA-5795-41CB-9E22-3AC34DCB7BAB}
	EndGlobalSection
EndGlobal
