
Microsoft Visual Studio Solution File, Format Version 12.00
# Visual Studio Version 16
VisualStudioVersion = 16.0.30621.155
MinimumVisualStudioVersion = 10.0.40219.1
Project("{FAE04EC0-301F-11D3-BF4B-00C04F79EFBC}") = "Random_Sayi", "Random_Sayi\Random_Sayi.csproj", "{D8E9DC90-0B0B-44C5-9D5B-30801EEADEA0}"
EndProject
Global
	GlobalSection(SolutionConfigurationPlatforms) = preSolution
		Debug|Any CPU = Debug|Any CPU
		Release|Any CPU = Release|Any CPU
	EndGlobalSection
	GlobalSection(ProjectConfigurationPlatforms) = postSolution
		{D8E9DC90-0B0B-44C5-9D5B-30801EEADEA0}.Debug|Any CPU.ActiveCfg = Debug|Any CPU
		{D8E9DC90-0B0B-44C5-9D5B-30801EEADEA0}.Debug|Any CPU.Build.0 = Debug|Any CPU
		{D8E9DC90-0B0B-44C5-9D5B-30801EEADEA0}.Release|Any CPU.ActiveCfg = Release|Any CPU
		{D8E9DC90-0B0B-44C5-9D5B-30801EEADEA0}.Release|Any CPU.Build.0 = Release|Any CPU
	EndGlobalSection
	GlobalSection(SolutionProperties) = preSolution
		HideSolutionNode = FALSE
	EndGlobalSection
	GlobalSection(ExtensibilityGlobals) = postSolution
		SolutionGuid = {44CB99AB-9C74-4E73-B672-E55C0CEB9FD2}
	EndGlobalSection
EndGlobal
