
Microsoft Visual Studio Solution File, Format Version 12.00
# Visual Studio Version 16
VisualStudioVersion = 16.0.30621.155
MinimumVisualStudioVersion = 10.0.40219.1
Project("{FAE04EC0-301F-11D3-BF4B-00C04F79EFBC}") = "Dinamik_Araclar", "Dinamik_Araclar\Dinamik_Araclar.csproj", "{C20A68C8-215D-44B3-9133-69E7CB43465A}"
EndProject
Global
	GlobalSection(SolutionConfigurationPlatforms) = preSolution
		Debug|Any CPU = Debug|Any CPU
		Release|Any CPU = Release|Any CPU
	EndGlobalSection
	GlobalSection(ProjectConfigurationPlatforms) = postSolution
		{C20A68C8-215D-44B3-9133-69E7CB43465A}.Debug|Any CPU.ActiveCfg = Debug|Any CPU
		{C20A68C8-215D-44B3-9133-69E7CB43465A}.Debug|Any CPU.Build.0 = Debug|Any CPU
		{C20A68C8-215D-44B3-9133-69E7CB43465A}.Release|Any CPU.ActiveCfg = Release|Any CPU
		{C20A68C8-215D-44B3-9133-69E7CB43465A}.Release|Any CPU.Build.0 = Release|Any CPU
	EndGlobalSection
	GlobalSection(SolutionProperties) = preSolution
		HideSolutionNode = FALSE
	EndGlobalSection
	GlobalSection(ExtensibilityGlobals) = postSolution
		SolutionGuid = {403BDE15-2E6E-4C66-94A3-4ABEC58A50A1}
	EndGlobalSection
EndGlobal
