
Microsoft Visual Studio Solution File, Format Version 12.00
# Visual Studio Version 16
VisualStudioVersion = 16.0.30621.155
MinimumVisualStudioVersion = 10.0.40219.1
Project("{FAE04EC0-301F-11D3-BF4B-00C04F79EFBC}") = "checkbox_radiobutton_richtextbox_panel_groupbox", "checkbox_radiobutton_richtextbox_panel_groupbox\checkbox_radiobutton_richtextbox_panel_groupbox.csproj", "{F1393BE3-1AC8-4BC7-A052-B6C382E067FC}"
EndProject
Global
	GlobalSection(SolutionConfigurationPlatforms) = preSolution
		Debug|Any CPU = Debug|Any CPU
		Release|Any CPU = Release|Any CPU
	EndGlobalSection
	GlobalSection(ProjectConfigurationPlatforms) = postSolution
		{F1393BE3-1AC8-4BC7-A052-B6C382E067FC}.Debug|Any CPU.ActiveCfg = Debug|Any CPU
		{F1393BE3-1AC8-4BC7-A052-B6C382E067FC}.Debug|Any CPU.Build.0 = Debug|Any CPU
		{F1393BE3-1AC8-4BC7-A052-B6C382E067FC}.Release|Any CPU.ActiveCfg = Release|Any CPU
		{F1393BE3-1AC8-4BC7-A052-B6C382E067FC}.Release|Any CPU.Build.0 = Release|Any CPU
	EndGlobalSection
	GlobalSection(SolutionProperties) = preSolution
		HideSolutionNode = FALSE
	EndGlobalSection
	GlobalSection(ExtensibilityGlobals) = postSolution
		SolutionGuid = {94A8CBA1-80B0-4921-9763-FCE1740C3651}
	EndGlobalSection
EndGlobal
