
Microsoft Visual Studio Solution File, Format Version 12.00
# Visual Studio Version 16
VisualStudioVersion = 16.0.30621.155
MinimumVisualStudioVersion = 10.0.40219.1
Project("{FAE04EC0-301F-11D3-BF4B-00C04F79EFBC}") = "Ortalama_kenar_alan_hesaplama", "Ortalama_kenar_alan_hesaplama\Ortalama_kenar_alan_hesaplama.csproj", "{8594943F-00FF-4C26-8303-53DAEA3128B6}"
EndProject
Global
	GlobalSection(SolutionConfigurationPlatforms) = preSolution
		Debug|Any CPU = Debug|Any CPU
		Release|Any CPU = Release|Any CPU
	EndGlobalSection
	GlobalSection(ProjectConfigurationPlatforms) = postSolution
		{8594943F-00FF-4C26-8303-53DAEA3128B6}.Debug|Any CPU.ActiveCfg = Debug|Any CPU
		{8594943F-00FF-4C26-8303-53DAEA3128B6}.Debug|Any CPU.Build.0 = Debug|Any CPU
		{8594943F-00FF-4C26-8303-53DAEA3128B6}.Release|Any CPU.ActiveCfg = Release|Any CPU
		{8594943F-00FF-4C26-8303-53DAEA3128B6}.Release|Any CPU.Build.0 = Release|Any CPU
	EndGlobalSection
	GlobalSection(SolutionProperties) = preSolution
		HideSolutionNode = FALSE
	EndGlobalSection
	GlobalSection(ExtensibilityGlobals) = postSolution
		SolutionGuid = {3EF9C533-6ED1-415B-9C58-9780681AE417}
	EndGlobalSection
EndGlobal
