
Microsoft Visual Studio Solution File, Format Version 12.00
# Visual Studio Version 16
VisualStudioVersion = 16.0.30621.155
MinimumVisualStudioVersion = 10.0.40219.1
Project("{FAE04EC0-301F-11D3-BF4B-00C04F79EFBC}") = "Metotlar", "Metotlar\Metotlar.csproj", "{05AB645C-8390-4E71-9CA4-E70A41F02C4F}"
EndProject
Global
	GlobalSection(SolutionConfigurationPlatforms) = preSolution
		Debug|Any CPU = Debug|Any CPU
		Release|Any CPU = Release|Any CPU
	EndGlobalSection
	GlobalSection(ProjectConfigurationPlatforms) = postSolution
		{05AB645C-8390-4E71-9CA4-E70A41F02C4F}.Debug|Any CPU.ActiveCfg = Debug|Any CPU
		{05AB645C-8390-4E71-9CA4-E70A41F02C4F}.Debug|Any CPU.Build.0 = Debug|Any CPU
		{05AB645C-8390-4E71-9CA4-E70A41F02C4F}.Release|Any CPU.ActiveCfg = Release|Any CPU
		{05AB645C-8390-4E71-9CA4-E70A41F02C4F}.Release|Any CPU.Build.0 = Release|Any CPU
	EndGlobalSection
	GlobalSection(SolutionProperties) = preSolution
		HideSolutionNode = FALSE
	EndGlobalSection
	GlobalSection(ExtensibilityGlobals) = postSolution
		SolutionGuid = {84DFD352-0960-4D7C-A572-FDA98AC7796E}
	EndGlobalSection
EndGlobal
